# This file is automatically @generated by Poetry 2.2.1 and should not be changed by hand.

[[package]]
name = "pyxel"
version = "2.5.11"
description = "A retro game engine for Python"
optional = false
python-versions = ">=3.8"
groups = ["main"]
files = [
    {file = "pyxel-2.5.11-cp38-abi3-macosx_10_12_x86_64.whl", hash = "sha256:2e6e74189c9902c144423d2b845c2d2a4eb7d167a061b284429d23d2e2c91a17"},
    {file = "pyxel-2.5.11-cp38-abi3-macosx_11_0_arm64.whl", hash = "sha256:0c493bc73e51b8f0d8f35fa04ca34b1c37d4624108076f6c4aeb0fbbfeaae46e"},
    {file = "pyxel-2.5.11-cp38-abi3-manylinux_2_17_aarch64.manylinux2014_aarch64.whl", hash = "sha256:336bfb812df60664cba42365c491adb93e1293257fb86c071b262187960fd262"},
    {file = "pyxel-2.5.11-cp38-abi3-manylinux_2_17_armv7l.manylinux2014_armv7l.whl", hash = "sha256:955c032984c736c0caa6e6576b1beb890923967173a9747a17826584ec84d4ed"},
    {file = "pyxel-2.5.11-cp38-abi3-manylinux_2_17_i686.manylinux2014_i686.whl", hash = "sha256:6a622c45d84829674bb833edad097871846cbc55c96f20073519a5cf794b7ab2"},
    {file = "pyxel-2.5.11-cp38-abi3-manylinux_2_17_x86_64.manylinux2014_x86_64.whl", hash = "sha256:953e7c7ad01604a21c2b22559fc3694a7de4f61dedecf51a59f1fc969872536c"},
    {file = "pyxel-2.5.11-cp38-abi3-win32.whl", hash = "sha256:44be978b6e5e92efbc710920c5101001f7fcec81444e0c586d11624303d14dea"},
    {file = "pyxel-2.5.11-cp38-abi3-win_amd64.whl", hash = "sha256:1d58a43f483d31f8f26d720491a3c0970f664cc19958fc5ae80920c58ba46b95"},
]

[metadata]
lock-version = "2.1"
python-versions = ">=3.13"
content-hash = "ef654d66cfbafca017e820b11084bed8fef3909d7cc96e1019d67c62734f6590"
